// !$*UTF8*$!
{
	archiveVersion = 1;
	classes = {
	};
	objectVersion = 56;
	objects = {

/* Begin PBXBuildFile section */
		7512059C2A6887AC0051B98D /* Views.swift in Sources */ = {isa = PBXBuildFile; fileRef = 7512059B2A6887AC0051B98D /* Views.swift */; };
		751B02E12A7449ED00E07433 /* User.swift in Sources */ = {isa = PBXBuildFile; fileRef = 751B02E02A7449ED00E07433 /* User.swift */; };
		751B02E32A744BFB00E07433 /* UserServices.swift in Sources */ = {isa = PBXBuildFile; fileRef = 751B02E22A744BFB00E07433 /* UserServices.swift */; };
		751B02E52A7486F300E07433 /* SplashVC.swift in Sources */ = {isa = PBXBuildFile; fileRef = 751B02E42A7486F300E07433 /* SplashVC.swift */; };
		751DDEBE2A78263A0063C44A /* ChatViewController.swift in Sources */ = {isa = PBXBuildFile; fileRef = 751DDEBD2A78263A0063C44A /* ChatViewController.swift */; };
		751DDEC02A78282B0063C44A /* ChatCell.swift in Sources */ = {isa = PBXBuildFile; fileRef = 751DDEBF2A78282B0063C44A /* ChatCell.swift */; };
		751E81822A7D855B007F26F3 /* UserViewModel.swift in Sources */ = {isa = PBXBuildFile; fileRef = 751E81812A7D855B007F26F3 /* UserViewModel.swift */; };
		752677202A69941B00E4B709 /* Buttons.swift in Sources */ = {isa = PBXBuildFile; fileRef = 7526771F2A69941B00E4B709 /* Buttons.swift */; };
		752677222A69C70600E4B709 /* LoginViewModel.swift in Sources */ = {isa = PBXBuildFile; fileRef = 752677212A69C70600E4B709 /* LoginViewModel.swift */; };
		75474B8B2A8FE87500E76BE8 /* ExtensionChatViewController.swift in Sources */ = {isa = PBXBuildFile; fileRef = 75474B8A2A8FE87500E76BE8 /* ExtensionChatViewController.swift */; };
		754D97FF2A75BAA5007C0DFE /* NewChatViewController.swift in Sources */ = {isa = PBXBuildFile; fileRef = 754D97FE2A75BAA4007C0DFE /* NewChatViewController.swift */; };
		755751E72A954C6C00EDE038 /* ExtensionCustomInputView.swift in Sources */ = {isa = PBXBuildFile; fileRef = 755751E62A954C6C00EDE038 /* ExtensionCustomInputView.swift */; };
		755751E92A95631100EDE038 /* AKAudioRecorder.swift in Sources */ = {isa = PBXBuildFile; fileRef = 755751E82A95631100EDE038 /* AKAudioRecorder.swift */; };
		7588859D2A81AD8300B86CC3 /* MessageViewModel.swift in Sources */ = {isa = PBXBuildFile; fileRef = 7588859C2A81AD8300B86CC3 /* MessageViewModel.swift */; };
		75A438652A716B3400D4D844 /* VC.swift in Sources */ = {isa = PBXBuildFile; fileRef = 75A438642A716B3400D4D844 /* VC.swift */; };
		75A5F3EF2A76D666005AACFE /* ConversationCell.swift in Sources */ = {isa = PBXBuildFile; fileRef = 75A5F3EE2A76D666005AACFE /* ConversationCell.swift */; };
		75A5F3F12A77181C005AACFE /* UserCell.swift in Sources */ = {isa = PBXBuildFile; fileRef = 75A5F3F02A77181C005AACFE /* UserCell.swift */; };
		75AEA3312A6DCB1800808B4A /* CustomLabel.swift in Sources */ = {isa = PBXBuildFile; fileRef = 75AEA3302A6DCB1800808B4A /* CustomLabel.swift */; };
		75AEA3332A6DCE5500808B4A /* CustomImageView.swift in Sources */ = {isa = PBXBuildFile; fileRef = 75AEA3322A6DCE5500808B4A /* CustomImageView.swift */; };
		75AEA3382A6DE12500808B4A /* FirebaseAuth in Frameworks */ = {isa = PBXBuildFile; productRef = 75AEA3372A6DE12500808B4A /* FirebaseAuth */; };
		75AEA33A2A6DE12500808B4A /* FirebaseDatabase in Frameworks */ = {isa = PBXBuildFile; productRef = 75AEA3392A6DE12500808B4A /* FirebaseDatabase */; };
		75AEA33C2A6DE12500808B4A /* FirebaseDatabaseSwift in Frameworks */ = {isa = PBXBuildFile; productRef = 75AEA33B2A6DE12500808B4A /* FirebaseDatabaseSwift */; };
		75AEA33E2A6DE12500808B4A /* FirebaseFirestore in Frameworks */ = {isa = PBXBuildFile; productRef = 75AEA33D2A6DE12500808B4A /* FirebaseFirestore */; };
		75AEA3402A6DE12500808B4A /* FirebaseFirestoreSwift in Frameworks */ = {isa = PBXBuildFile; productRef = 75AEA33F2A6DE12500808B4A /* FirebaseFirestoreSwift */; };
		75AEA3422A6DE12500808B4A /* FirebaseStorage in Frameworks */ = {isa = PBXBuildFile; productRef = 75AEA3412A6DE12500808B4A /* FirebaseStorage */; };
		75AEA3452A6DE24700808B4A /* SDWebImage in Frameworks */ = {isa = PBXBuildFile; productRef = 75AEA3442A6DE24700808B4A /* SDWebImage */; };
		75AEA3482A6DE54F00808B4A /* JGProgressHUD in Frameworks */ = {isa = PBXBuildFile; productRef = 75AEA3472A6DE54F00808B4A /* JGProgressHUD */; };
		75AEA34B2A6DE5CA00808B4A /* GoogleSignIn in Frameworks */ = {isa = PBXBuildFile; productRef = 75AEA34A2A6DE5CA00808B4A /* GoogleSignIn */; };
		75AEA34D2A6DE5CA00808B4A /* GoogleSignInSwift in Frameworks */ = {isa = PBXBuildFile; productRef = 75AEA34C2A6DE5CA00808B4A /* GoogleSignInSwift */; };
		75AEA34F2A6DE7C100808B4A /* GoogleService-Info.plist in Resources */ = {isa = PBXBuildFile; fileRef = 75AEA34E2A6DE7C100808B4A /* GoogleService-Info.plist */; };
		75C558112A6EDA1600CE26DA /* AuthServices.swift in Sources */ = {isa = PBXBuildFile; fileRef = 75C558102A6EDA1600CE26DA /* AuthServices.swift */; };
		75C558132A6F1FF000CE26DA /* Constants.swift in Sources */ = {isa = PBXBuildFile; fileRef = 75C558122A6F1FF000CE26DA /* Constants.swift */; };
		75C558162A6F3BE500CE26DA /* FileUploader.swift in Sources */ = {isa = PBXBuildFile; fileRef = 75C558152A6F3BE500CE26DA /* FileUploader.swift */; };
		75C868ED2A7085140093F977 /* ConversationViewController.swift in Sources */ = {isa = PBXBuildFile; fileRef = 75C868EC2A7085140093F977 /* ConversationViewController.swift */; };
		75C8BFB72A6AFD550023ABA1 /* CustomTextField.swift in Sources */ = {isa = PBXBuildFile; fileRef = 75C8BFB62A6AFD550023ABA1 /* CustomTextField.swift */; };
		75C9599E2A71C998004B162B /* LoginGoogle.swift in Sources */ = {isa = PBXBuildFile; fileRef = 75C9599D2A71C998004B162B /* LoginGoogle.swift */; };
		75D24FC62A79982A004F01C1 /* InputTextView.swift in Sources */ = {isa = PBXBuildFile; fileRef = 75D24FC52A79982A004F01C1 /* InputTextView.swift */; };
		75D24FC82A79B055004F01C1 /* CustomInputView.swift in Sources */ = {isa = PBXBuildFile; fileRef = 75D24FC72A79B055004F01C1 /* CustomInputView.swift */; };
		75D5F58C2A94006300BCAFF8 /* VideoPlayerVC.swift in Sources */ = {isa = PBXBuildFile; fileRef = 75D5F58B2A94006300BCAFF8 /* VideoPlayerVC.swift */; };
		75D5F58F2A94200E00BCAFF8 /* ImageSlideshow in Frameworks */ = {isa = PBXBuildFile; productRef = 75D5F58E2A94200E00BCAFF8 /* ImageSlideshow */; };
		75D5F5912A94200E00BCAFF8 /* ImageSlideshow/SDWebImage in Frameworks */ = {isa = PBXBuildFile; productRef = 75D5F5902A94200E00BCAFF8 /* ImageSlideshow/SDWebImage */; };
		75DB2B832A97E97400BD9280 /* SwiftAudioPlayer in Frameworks */ = {isa = PBXBuildFile; productRef = 75DB2B822A97E97400BD9280 /* SwiftAudioPlayer */; };
		75DBEE0A2A673B1E00A83291 /* LoginViewController.swift in Sources */ = {isa = PBXBuildFile; fileRef = 75DBEE092A673B1E00A83291 /* LoginViewController.swift */; };
		75DBEE0C2A673BED00A83291 /* RegisterViewController.swift in Sources */ = {isa = PBXBuildFile; fileRef = 75DBEE0B2A673BED00A83291 /* RegisterViewController.swift */; };
		75E6DB9F2A8AA19F00FB0AD9 /* CollectionViews.swift in Sources */ = {isa = PBXBuildFile; fileRef = 75E6DB9E2A8AA19F00FB0AD9 /* CollectionViews.swift */; };
		75EA65BB2A8976F7001C409D /* ChatHeader.swift in Sources */ = {isa = PBXBuildFile; fileRef = 75EA65BA2A8976F7001C409D /* ChatHeader.swift */; };
		75EA90252A673456009D10AB /* AppDelegate.swift in Sources */ = {isa = PBXBuildFile; fileRef = 75EA90242A673456009D10AB /* AppDelegate.swift */; };
		75EA90272A673456009D10AB /* SceneDelegate.swift in Sources */ = {isa = PBXBuildFile; fileRef = 75EA90262A673456009D10AB /* SceneDelegate.swift */; };
		75EA90292A673456009D10AB /* ViewController.swift in Sources */ = {isa = PBXBuildFile; fileRef = 75EA90282A673456009D10AB /* ViewController.swift */; };
		75EA902C2A673456009D10AB /* Main.storyboard in Resources */ = {isa = PBXBuildFile; fileRef = 75EA902A2A673456009D10AB /* Main.storyboard */; };
		75EA902E2A673459009D10AB /* Assets.xcassets in Resources */ = {isa = PBXBuildFile; fileRef = 75EA902D2A673459009D10AB /* Assets.xcassets */; };
		75EA90312A673459009D10AB /* LaunchScreen.storyboard in Resources */ = {isa = PBXBuildFile; fileRef = 75EA902F2A673459009D10AB /* LaunchScreen.storyboard */; };
		75EC6F702A9AAB0C00ECDDA0 /* FLocationManager.swift in Sources */ = {isa = PBXBuildFile; fileRef = 75EC6F6F2A9AAB0C00ECDDA0 /* FLocationManager.swift */; };
		75EE6AFE2A7EC0B90032B8E3 /* MessageServices.swift in Sources */ = {isa = PBXBuildFile; fileRef = 75EE6AFD2A7EC0B90032B8E3 /* MessageServices.swift */; };
		75EE6B002A7F0A9D0032B8E3 /* Message.swift in Sources */ = {isa = PBXBuildFile; fileRef = 75EE6AFF2A7F0A9D0032B8E3 /* Message.swift */; };
/* End PBXBuildFile section */

/* Begin PBXFileReference section */
		7512059B2A6887AC0051B98D /* Views.swift */ = {isa = PBXFileReference; fileEncoding = 4; lastKnownFileType = sourcecode.swift; path = Views.swift; sourceTree = "<group>"; };
		751B02E02A7449ED00E07433 /* User.swift */ = {isa = PBXFileReference; lastKnownFileType = sourcecode.swift; path = User.swift; sourceTree = "<group>"; };
		751B02E22A744BFB00E07433 /* UserServices.swift */ = {isa = PBXFileReference; lastKnownFileType = sourcecode.swift; path = UserServices.swift; sourceTree = "<group>"; };
		751B02E42A7486F300E07433 /* SplashVC.swift */ = {isa = PBXFileReference; lastKnownFileType = sourcecode.swift; path = SplashVC.swift; sourceTree = "<group>"; };
		751DDEBD2A78263A0063C44A /* ChatViewController.swift */ = {isa = PBXFileReference; lastKnownFileType = sourcecode.swift; path = ChatViewController.swift; sourceTree = "<group>"; };
		751DDEBF2A78282B0063C44A /* ChatCell.swift */ = {isa = PBXFileReference; lastKnownFileType = sourcecode.swift; path = ChatCell.swift; sourceTree = "<group>"; };
		751E81812A7D855B007F26F3 /* UserViewModel.swift */ = {isa = PBXFileReference; lastKnownFileType = sourcecode.swift; path = UserViewModel.swift; sourceTree = "<group>"; };
		7526771F2A69941B00E4B709 /* Buttons.swift */ = {isa = PBXFileReference; lastKnownFileType = sourcecode.swift; path = Buttons.swift; sourceTree = "<group>"; };
		752677212A69C70600E4B709 /* LoginViewModel.swift */ = {isa = PBXFileReference; lastKnownFileType = sourcecode.swift; path = LoginViewModel.swift; sourceTree = "<group>"; };
		75474B8A2A8FE87500E76BE8 /* ExtensionChatViewController.swift */ = {isa = PBXFileReference; lastKnownFileType = sourcecode.swift; path = ExtensionChatViewController.swift; sourceTree = "<group>"; };
		754D97FE2A75BAA4007C0DFE /* NewChatViewController.swift */ = {isa = PBXFileReference; lastKnownFileType = sourcecode.swift; path = NewChatViewController.swift; sourceTree = "<group>"; };
		755751E62A954C6C00EDE038 /* ExtensionCustomInputView.swift */ = {isa = PBXFileReference; lastKnownFileType = sourcecode.swift; path = ExtensionCustomInputView.swift; sourceTree = "<group>"; };
		755751E82A95631100EDE038 /* AKAudioRecorder.swift */ = {isa = PBXFileReference; fileEncoding = 4; lastKnownFileType = sourcecode.swift; path = AKAudioRecorder.swift; sourceTree = "<group>"; };
		7588859C2A81AD8300B86CC3 /* MessageViewModel.swift */ = {isa = PBXFileReference; lastKnownFileType = sourcecode.swift; path = MessageViewModel.swift; sourceTree = "<group>"; };
		75A438642A716B3400D4D844 /* VC.swift */ = {isa = PBXFileReference; lastKnownFileType = sourcecode.swift; path = VC.swift; sourceTree = "<group>"; };
		75A5F3EE2A76D666005AACFE /* ConversationCell.swift */ = {isa = PBXFileReference; lastKnownFileType = sourcecode.swift; path = ConversationCell.swift; sourceTree = "<group>"; };
		75A5F3F02A77181C005AACFE /* UserCell.swift */ = {isa = PBXFileReference; lastKnownFileType = sourcecode.swift; path = UserCell.swift; sourceTree = "<group>"; };
		75AEA3302A6DCB1800808B4A /* CustomLabel.swift */ = {isa = PBXFileReference; lastKnownFileType = sourcecode.swift; path = CustomLabel.swift; sourceTree = "<group>"; };
		75AEA3322A6DCE5500808B4A /* CustomImageView.swift */ = {isa = PBXFileReference; lastKnownFileType = sourcecode.swift; path = CustomImageView.swift; sourceTree = "<group>"; };
		75AEA34E2A6DE7C100808B4A /* GoogleService-Info.plist */ = {isa = PBXFileReference; fileEncoding = 4; lastKnownFileType = text.plist.xml; path = "GoogleService-Info.plist"; sourceTree = "<group>"; };
		75C558102A6EDA1600CE26DA /* AuthServices.swift */ = {isa = PBXFileReference; lastKnownFileType = sourcecode.swift; path = AuthServices.swift; sourceTree = "<group>"; };
		75C558122A6F1FF000CE26DA /* Constants.swift */ = {isa = PBXFileReference; lastKnownFileType = sourcecode.swift; path = Constants.swift; sourceTree = "<group>"; };
		75C558152A6F3BE500CE26DA /* FileUploader.swift */ = {isa = PBXFileReference; lastKnownFileType = sourcecode.swift; path = FileUploader.swift; sourceTree = "<group>"; };
		75C868EC2A7085140093F977 /* ConversationViewController.swift */ = {isa = PBXFileReference; lastKnownFileType = sourcecode.swift; path = ConversationViewController.swift; sourceTree = "<group>"; };
		75C8BFB62A6AFD550023ABA1 /* CustomTextField.swift */ = {isa = PBXFileReference; lastKnownFileType = sourcecode.swift; path = CustomTextField.swift; sourceTree = "<group>"; };
		75C9599D2A71C998004B162B /* LoginGoogle.swift */ = {isa = PBXFileReference; fileEncoding = 4; lastKnownFileType = sourcecode.swift; path = LoginGoogle.swift; sourceTree = "<group>"; };
		75D24FC52A79982A004F01C1 /* InputTextView.swift */ = {isa = PBXFileReference; lastKnownFileType = sourcecode.swift; path = InputTextView.swift; sourceTree = "<group>"; };
		75D24FC72A79B055004F01C1 /* CustomInputView.swift */ = {isa = PBXFileReference; lastKnownFileType = sourcecode.swift; path = CustomInputView.swift; sourceTree = "<group>"; };
		75D5F58B2A94006300BCAFF8 /* VideoPlayerVC.swift */ = {isa = PBXFileReference; lastKnownFileType = sourcecode.swift; path = VideoPlayerVC.swift; sourceTree = "<group>"; };
		75DBEE092A673B1E00A83291 /* LoginViewController.swift */ = {isa = PBXFileReference; lastKnownFileType = sourcecode.swift; path = LoginViewController.swift; sourceTree = "<group>"; };
		75DBEE0B2A673BED00A83291 /* RegisterViewController.swift */ = {isa = PBXFileReference; lastKnownFileType = sourcecode.swift; path = RegisterViewController.swift; sourceTree = "<group>"; };
		75E6DB9E2A8AA19F00FB0AD9 /* CollectionViews.swift */ = {isa = PBXFileReference; lastKnownFileType = sourcecode.swift; path = CollectionViews.swift; sourceTree = "<group>"; };
		75EA65BA2A8976F7001C409D /* ChatHeader.swift */ = {isa = PBXFileReference; lastKnownFileType = sourcecode.swift; path = ChatHeader.swift; sourceTree = "<group>"; };
		75EA90212A673456009D10AB /* ChatApp.app */ = {isa = PBXFileReference; explicitFileType = wrapper.application; includeInIndex = 0; path = ChatApp.app; sourceTree = BUILT_PRODUCTS_DIR; };
		75EA90242A673456009D10AB /* AppDelegate.swift */ = {isa = PBXFileReference; lastKnownFileType = sourcecode.swift; path = AppDelegate.swift; sourceTree = "<group>"; };
		75EA90262A673456009D10AB /* SceneDelegate.swift */ = {isa = PBXFileReference; lastKnownFileType = sourcecode.swift; path = SceneDelegate.swift; sourceTree = "<group>"; };
		75EA90282A673456009D10AB /* ViewController.swift */ = {isa = PBXFileReference; lastKnownFileType = sourcecode.swift; path = ViewController.swift; sourceTree = "<group>"; };
		75EA902B2A673456009D10AB /* Base */ = {isa = PBXFileReference; lastKnownFileType = file.storyboard; name = Base; path = Base.lproj/Main.storyboard; sourceTree = "<group>"; };
		75EA902D2A673459009D10AB /* Assets.xcassets */ = {isa = PBXFileReference; lastKnownFileType = folder.assetcatalog; path = Assets.xcassets; sourceTree = "<group>"; };
		75EA90302A673459009D10AB /* Base */ = {isa = PBXFileReference; lastKnownFileType = file.storyboard; name = Base; path = Base.lproj/LaunchScreen.storyboard; sourceTree = "<group>"; };
		75EA90322A673459009D10AB /* Info.plist */ = {isa = PBXFileReference; lastKnownFileType = text.plist.xml; path = Info.plist; sourceTree = "<group>"; };
		75EC6F6E2A9A9B5A00ECDDA0 /* Times Square.gpx */ = {isa = PBXFileReference; lastKnownFileType = text.xml; path = "Times Square.gpx"; sourceTree = "<group>"; };
		75EC6F6F2A9AAB0C00ECDDA0 /* FLocationManager.swift */ = {isa = PBXFileReference; fileEncoding = 4; lastKnownFileType = sourcecode.swift; path = FLocationManager.swift; sourceTree = "<group>"; };
		75EE6AFD2A7EC0B90032B8E3 /* MessageServices.swift */ = {isa = PBXFileReference; lastKnownFileType = sourcecode.swift; path = MessageServices.swift; sourceTree = "<group>"; };
		75EE6AFF2A7F0A9D0032B8E3 /* Message.swift */ = {isa = PBXFileReference; lastKnownFileType = sourcecode.swift; path = Message.swift; sourceTree = "<group>"; };
/* End PBXFileReference section */

/* Begin PBXFrameworksBuildPhase section */
		75EA901E2A673456009D10AB /* Frameworks */ = {
			isa = PBXFrameworksBuildPhase;
			buildActionMask = 2147483647;
			files = (
				75AEA3402A6DE12500808B4A /* FirebaseFirestoreSwift in Frameworks */,
				75AEA33C2A6DE12500808B4A /* FirebaseDatabaseSwift in Frameworks */,
				75AEA33E2A6DE12500808B4A /* FirebaseFirestore in Frameworks */,
				75D5F58F2A94200E00BCAFF8 /* ImageSlideshow in Frameworks */,
				75AEA3452A6DE24700808B4A /* SDWebImage in Frameworks */,
				75AEA3482A6DE54F00808B4A /* JGProgressHUD in Frameworks */,
				75AEA34D2A6DE5CA00808B4A /* GoogleSignInSwift in Frameworks */,
				75AEA33A2A6DE12500808B4A /* FirebaseDatabase in Frameworks */,
				75AEA3382A6DE12500808B4A /* FirebaseAuth in Frameworks */,
				75D5F5912A94200E00BCAFF8 /* ImageSlideshow/SDWebImage in Frameworks */,
				75DB2B832A97E97400BD9280 /* SwiftAudioPlayer in Frameworks */,
				75AEA3422A6DE12500808B4A /* FirebaseStorage in Frameworks */,
				75AEA34B2A6DE5CA00808B4A /* GoogleSignIn in Frameworks */,
			);
			runOnlyForDeploymentPostprocessing = 0;
		};
/* End PBXFrameworksBuildPhase section */

/* Begin PBXGroup section */
		7512059A2A68875E0051B98D /* Extensions */ = {
			isa = PBXGroup;
			children = (
				7512059B2A6887AC0051B98D /* Views.swift */,
				7526771F2A69941B00E4B709 /* Buttons.swift */,
				75A438642A716B3400D4D844 /* VC.swift */,
				75E6DB9E2A8AA19F00FB0AD9 /* CollectionViews.swift */,
			);
			path = Extensions;
			sourceTree = "<group>";
		};
		751DDEBC2A7826170063C44A /* Chat */ = {
			isa = PBXGroup;
			children = (
				751DDEBD2A78263A0063C44A /* ChatViewController.swift */,
				75474B8A2A8FE87500E76BE8 /* ExtensionChatViewController.swift */,
			);
			path = Chat;
			sourceTree = "<group>";
		};
		755751E52A954C4100EDE038 /* CustomInputView */ = {
			isa = PBXGroup;
			children = (
				75D24FC72A79B055004F01C1 /* CustomInputView.swift */,
				755751E62A954C6C00EDE038 /* ExtensionCustomInputView.swift */,
			);
			path = CustomInputView;
			sourceTree = "<group>";
		};
		75A5F3ED2A76D61C005AACFE /* View */ = {
			isa = PBXGroup;
			children = (
				755751E52A954C4100EDE038 /* CustomInputView */,
				75A5F3EE2A76D666005AACFE /* ConversationCell.swift */,
				75A5F3F02A77181C005AACFE /* UserCell.swift */,
				751DDEBF2A78282B0063C44A /* ChatCell.swift */,
				75EA65BA2A8976F7001C409D /* ChatHeader.swift */,
			);
			path = View;
			sourceTree = "<group>";
		};
		75C558142A6F201000CE26DA /* Constants */ = {
			isa = PBXGroup;
			children = (
				75C558122A6F1FF000CE26DA /* Constants.swift */,
			);
			path = Constants;
			sourceTree = "<group>";
		};
		75C868EB2A7084EC0093F977 /* Conversation */ = {
			isa = PBXGroup;
			children = (
				75C868EC2A7085140093F977 /* ConversationViewController.swift */,
				754D97FE2A75BAA4007C0DFE /* NewChatViewController.swift */,
				75D5F58B2A94006300BCAFF8 /* VideoPlayerVC.swift */,
			);
			path = Conversation;
			sourceTree = "<group>";
		};
		75C8BFB52A6AFD380023ABA1 /* Class */ = {
			isa = PBXGroup;
			children = (
				75C8BFB62A6AFD550023ABA1 /* CustomTextField.swift */,
				75AEA3302A6DCB1800808B4A /* CustomLabel.swift */,
				75AEA3322A6DCE5500808B4A /* CustomImageView.swift */,
				75D24FC52A79982A004F01C1 /* InputTextView.swift */,
				75EC6F6F2A9AAB0C00ECDDA0 /* FLocationManager.swift */,
			);
			path = Class;
			sourceTree = "<group>";
		};
		75EA90182A673456009D10AB = {
			isa = PBXGroup;
			children = (
				75EA90232A673456009D10AB /* ChatApp */,
				75EA90222A673456009D10AB /* Products */,
			);
			sourceTree = "<group>";
		};
		75EA90222A673456009D10AB /* Products */ = {
			isa = PBXGroup;
			children = (
				75EA90212A673456009D10AB /* ChatApp.app */,
			);
			name = Products;
			sourceTree = "<group>";
		};
		75EA90232A673456009D10AB /* ChatApp */ = {
			isa = PBXGroup;
			children = (
				75EA903A2A6737C3009D10AB /* Shared Files */,
				75EA90392A6737B9009D10AB /* Module */,
				75EA90382A6737AE009D10AB /* Support */,
			);
			path = ChatApp;
			sourceTree = "<group>";
		};
		75EA90382A6737AE009D10AB /* Support */ = {
			isa = PBXGroup;
			children = (
				75EC6F6D2A9A9B2000ECDDA0 /* Fake Locations */,
				75EA90242A673456009D10AB /* AppDelegate.swift */,
				75EA90262A673456009D10AB /* SceneDelegate.swift */,
				75AEA34E2A6DE7C100808B4A /* GoogleService-Info.plist */,
				75EA90282A673456009D10AB /* ViewController.swift */,
				75EA902A2A673456009D10AB /* Main.storyboard */,
				75EA902D2A673459009D10AB /* Assets.xcassets */,
				75EA902F2A673459009D10AB /* LaunchScreen.storyboard */,
				75EA90322A673459009D10AB /* Info.plist */,
			);
			path = Support;
			sourceTree = "<group>";
		};
		75EA90392A6737B9009D10AB /* Module */ = {
			isa = PBXGroup;
			children = (
				75EA903E2A673821009D10AB /* API */,
				75EA903D2A6737EA009D10AB /* Model */,
				75A5F3ED2A76D61C005AACFE /* View */,
				75EA903C2A6737E0009D10AB /* ViewModel */,
				75EA903B2A6737D3009D10AB /* Controller */,
			);
			path = Module;
			sourceTree = "<group>";
		};
		75EA903A2A6737C3009D10AB /* Shared Files */ = {
			isa = PBXGroup;
			children = (
				75C558142A6F201000CE26DA /* Constants */,
				75C8BFB52A6AFD380023ABA1 /* Class */,
				7512059A2A68875E0051B98D /* Extensions */,
			);
			path = "Shared Files";
			sourceTree = "<group>";
		};
		75EA903B2A6737D3009D10AB /* Controller */ = {
			isa = PBXGroup;
			children = (
				751DDEBC2A7826170063C44A /* Chat */,
				75C868EB2A7084EC0093F977 /* Conversation */,
				75DBEE092A673B1E00A83291 /* LoginViewController.swift */,
				75C9599D2A71C998004B162B /* LoginGoogle.swift */,
				75DBEE0B2A673BED00A83291 /* RegisterViewController.swift */,
				751B02E42A7486F300E07433 /* SplashVC.swift */,
			);
			path = Controller;
			sourceTree = "<group>";
		};
		75EA903C2A6737E0009D10AB /* ViewModel */ = {
			isa = PBXGroup;
			children = (
				752677212A69C70600E4B709 /* LoginViewModel.swift */,
				751E81812A7D855B007F26F3 /* UserViewModel.swift */,
				7588859C2A81AD8300B86CC3 /* MessageViewModel.swift */,
			);
			path = ViewModel;
			sourceTree = "<group>";
		};
		75EA903D2A6737EA009D10AB /* Model */ = {
			isa = PBXGroup;
			children = (
				755751E82A95631100EDE038 /* AKAudioRecorder.swift */,
				751B02E02A7449ED00E07433 /* User.swift */,
				75EE6AFF2A7F0A9D0032B8E3 /* Message.swift */,
			);
			path = Model;
			sourceTree = "<group>";
		};
		75EA903E2A673821009D10AB /* API */ = {
			isa = PBXGroup;
			children = (
				75C558102A6EDA1600CE26DA /* AuthServices.swift */,
				75C558152A6F3BE500CE26DA /* FileUploader.swift */,
				751B02E22A744BFB00E07433 /* UserServices.swift */,
				75EE6AFD2A7EC0B90032B8E3 /* MessageServices.swift */,
			);
			path = API;
			sourceTree = "<group>";
		};
		75EC6F6D2A9A9B2000ECDDA0 /* Fake Locations */ = {
			isa = PBXGroup;
			children = (
				75EC6F6E2A9A9B5A00ECDDA0 /* Times Square.gpx */,
			);
			path = "Fake Locations";
			sourceTree = "<group>";
		};
/* End PBXGroup section */

/* Begin PBXNativeTarget section */
		75EA90202A673456009D10AB /* ChatApp */ = {
			isa = PBXNativeTarget;
			buildConfigurationList = 75EA90352A673459009D10AB /* Build configuration list for PBXNativeTarget "ChatApp" */;
			buildPhases = (
				75EA901D2A673456009D10AB /* Sources */,
				75EA901E2A673456009D10AB /* Frameworks */,
				75EA901F2A673456009D10AB /* Resources */,
			);
			buildRules = (
			);
			dependencies = (
			);
			name = ChatApp;
			packageProductDependencies = (
				75AEA3372A6DE12500808B4A /* FirebaseAuth */,
				75AEA3392A6DE12500808B4A /* FirebaseDatabase */,
				75AEA33B2A6DE12500808B4A /* FirebaseDatabaseSwift */,
				75AEA33D2A6DE12500808B4A /* FirebaseFirestore */,
				75AEA33F2A6DE12500808B4A /* FirebaseFirestoreSwift */,
				75AEA3412A6DE12500808B4A /* FirebaseStorage */,
				75AEA3442A6DE24700808B4A /* SDWebImage */,
				75AEA3472A6DE54F00808B4A /* JGProgressHUD */,
				75AEA34A2A6DE5CA00808B4A /* GoogleSignIn */,
				75AEA34C2A6DE5CA00808B4A /* GoogleSignInSwift */,
				75D5F58E2A94200E00BCAFF8 /* ImageSlideshow */,
				75D5F5902A94200E00BCAFF8 /* ImageSlideshow/SDWebImage */,
				75DB2B822A97E97400BD9280 /* SwiftAudioPlayer */,
			);
			productName = ChatApp;
			productReference = 75EA90212A673456009D10AB /* ChatApp.app */;
			productType = "com.apple.product-type.application";
		};
/* End PBXNativeTarget section */

/* Begin PBXProject section */
		75EA90192A673456009D10AB /* Project object */ = {
			isa = PBXProject;
			attributes = {
				BuildIndependentTargetsInParallel = 1;
				LastSwiftUpdateCheck = 1430;
				LastUpgradeCheck = 1430;
				TargetAttributes = {
					75EA90202A673456009D10AB = {
						CreatedOnToolsVersion = 14.3.1;
					};
				};
			};
			buildConfigurationList = 75EA901C2A673456009D10AB /* Build configuration list for PBXProject "ChatApp" */;
			compatibilityVersion = "Xcode 14.0";
			developmentRegion = en;
			hasScannedForEncodings = 0;
			knownRegions = (
				en,
				Base,
			);
			mainGroup = 75EA90182A673456009D10AB;
			packageReferences = (
				75AEA3362A6DE12500808B4A /* XCRemoteSwiftPackageReference "firebase-ios-sdk" */,
				75AEA3432A6DE24700808B4A /* XCRemoteSwiftPackageReference "SDWebImage" */,
				75AEA3462A6DE54F00808B4A /* XCRemoteSwiftPackageReference "JGProgressHUD" */,
				75AEA3492A6DE5CA00808B4A /* XCRemoteSwiftPackageReference "GoogleSignIn-iOS" */,
				75D5F58D2A94200E00BCAFF8 /* XCRemoteSwiftPackageReference "ImageSlideshow" */,
				75DB2B812A97E97400BD9280 /* XCRemoteSwiftPackageReference "SwiftAudioPlayer" */,
			);
			productRefGroup = 75EA90222A673456009D10AB /* Products */;
			projectDirPath = "";
			projectRoot = "";
			targets = (
				75EA90202A673456009D10AB /* ChatApp */,
			);
		};
/* End PBXProject section */

/* Begin PBXResourcesBuildPhase section */
		75EA901F2A673456009D10AB /* Resources */ = {
			isa = PBXResourcesBuildPhase;
			buildActionMask = 2147483647;
			files = (
				75EA90312A673459009D10AB /* LaunchScreen.storyboard in Resources */,
				75EA902E2A673459009D10AB /* Assets.xcassets in Resources */,
				75AEA34F2A6DE7C100808B4A /* GoogleService-Info.plist in Resources */,
				75EA902C2A673456009D10AB /* Main.storyboard in Resources */,
			);
			runOnlyForDeploymentPostprocessing = 0;
		};
/* End PBXResourcesBuildPhase section */

/* Begin PBXSourcesBuildPhase section */
		75EA901D2A673456009D10AB /* Sources */ = {
			isa = PBXSourcesBuildPhase;
			buildActionMask = 2147483647;
			files = (
				75474B8B2A8FE87500E76BE8 /* ExtensionChatViewController.swift in Sources */,
				752677202A69941B00E4B709 /* Buttons.swift in Sources */,
				751B02E52A7486F300E07433 /* SplashVC.swift in Sources */,
				75AEA3312A6DCB1800808B4A /* CustomLabel.swift in Sources */,
				751DDEC02A78282B0063C44A /* ChatCell.swift in Sources */,
				75C868ED2A7085140093F977 /* ConversationViewController.swift in Sources */,
				751E81822A7D855B007F26F3 /* UserViewModel.swift in Sources */,
				75D24FC82A79B055004F01C1 /* CustomInputView.swift in Sources */,
				75E6DB9F2A8AA19F00FB0AD9 /* CollectionViews.swift in Sources */,
				75DBEE0A2A673B1E00A83291 /* LoginViewController.swift in Sources */,
				75C558112A6EDA1600CE26DA /* AuthServices.swift in Sources */,
				7588859D2A81AD8300B86CC3 /* MessageViewModel.swift in Sources */,
				755751E72A954C6C00EDE038 /* ExtensionCustomInputView.swift in Sources */,
				75DBEE0C2A673BED00A83291 /* RegisterViewController.swift in Sources */,
				754D97FF2A75BAA5007C0DFE /* NewChatViewController.swift in Sources */,
				7512059C2A6887AC0051B98D /* Views.swift in Sources */,
				752677222A69C70600E4B709 /* LoginViewModel.swift in Sources */,
				751DDEBE2A78263A0063C44A /* ChatViewController.swift in Sources */,
				75C558132A6F1FF000CE26DA /* Constants.swift in Sources */,
				75A5F3F12A77181C005AACFE /* UserCell.swift in Sources */,
				755751E92A95631100EDE038 /* AKAudioRecorder.swift in Sources */,
				75EA90292A673456009D10AB /* ViewController.swift in Sources */,
				75A5F3EF2A76D666005AACFE /* ConversationCell.swift in Sources */,
				75EC6F702A9AAB0C00ECDDA0 /* FLocationManager.swift in Sources */,
				75D5F58C2A94006300BCAFF8 /* VideoPlayerVC.swift in Sources */,
				75C558162A6F3BE500CE26DA /* FileUploader.swift in Sources */,
				75EA65BB2A8976F7001C409D /* ChatHeader.swift in Sources */,
				75AEA3332A6DCE5500808B4A /* CustomImageView.swift in Sources */,
				75EE6AFE2A7EC0B90032B8E3 /* MessageServices.swift in Sources */,
				75C9599E2A71C998004B162B /* LoginGoogle.swift in Sources */,
				75A438652A716B3400D4D844 /* VC.swift in Sources */,
				751B02E12A7449ED00E07433 /* User.swift in Sources */,
				75EA90252A673456009D10AB /* AppDelegate.swift in Sources */,
				75EA90272A673456009D10AB /* SceneDelegate.swift in Sources */,
				75C8BFB72A6AFD550023ABA1 /* CustomTextField.swift in Sources */,
				75EE6B002A7F0A9D0032B8E3 /* Message.swift in Sources */,
				75D24FC62A79982A004F01C1 /* InputTextView.swift in Sources */,
				751B02E32A744BFB00E07433 /* UserServices.swift in Sources */,
			);
			runOnlyForDeploymentPostprocessing = 0;
		};
/* End PBXSourcesBuildPhase section */

/* Begin PBXVariantGroup section */
		75EA902A2A673456009D10AB /* Main.storyboard */ = {
			isa = PBXVariantGroup;
			children = (
				75EA902B2A673456009D10AB /* Base */,
			);
			name = Main.storyboard;
			sourceTree = "<group>";
		};
		75EA902F2A673459009D10AB /* LaunchScreen.storyboard */ = {
			isa = PBXVariantGroup;
			children = (
				75EA90302A673459009D10AB /* Base */,
			);
			name = LaunchScreen.storyboard;
			sourceTree = "<group>";
		};
/* End PBXVariantGroup section */

/* Begin XCBuildConfiguration section */
		75EA90332A673459009D10AB /* Debug */ = {
			isa = XCBuildConfiguration;
			buildSettings = {
				ALWAYS_SEARCH_USER_PATHS = NO;
				CLANG_ANALYZER_NONNULL = YES;
				CLANG_ANALYZER_NUMBER_OBJECT_CONVERSION = YES_AGGRESSIVE;
				CLANG_CXX_LANGUAGE_STANDARD = "gnu++20";
				CLANG_ENABLE_MODULES = YES;
				CLANG_ENABLE_OBJC_ARC = YES;
				CLANG_ENABLE_OBJC_WEAK = YES;
				CLANG_WARN_BLOCK_CAPTURE_AUTORELEASING = YES;
				CLANG_WARN_BOOL_CONVERSION = YES;
				CLANG_WARN_COMMA = YES;
				CLANG_WARN_CONSTANT_CONVERSION = YES;
				CLANG_WARN_DEPRECATED_OBJC_IMPLEMENTATIONS = YES;
				CLANG_WARN_DIRECT_OBJC_ISA_USAGE = YES_ERROR;
				CLANG_WARN_DOCUMENTATION_COMMENTS = YES;
				CLANG_WARN_EMPTY_BODY = YES;
				CLANG_WARN_ENUM_CONVERSION = YES;
				CLANG_WARN_INFINITE_RECURSION = YES;
				CLANG_WARN_INT_CONVERSION = YES;
				CLANG_WARN_NON_LITERAL_NULL_CONVERSION = YES;
				CLANG_WARN_OBJC_IMPLICIT_RETAIN_SELF = YES;
				CLANG_WARN_OBJC_LITERAL_CONVERSION = YES;
				CLANG_WARN_OBJC_ROOT_CLASS = YES_ERROR;
				CLANG_WARN_QUOTED_INCLUDE_IN_FRAMEWORK_HEADER = YES;
				CLANG_WARN_RANGE_LOOP_ANALYSIS = YES;
				CLANG_WARN_STRICT_PROTOTYPES = YES;
				CLANG_WARN_SUSPICIOUS_MOVE = YES;
				CLANG_WARN_UNGUARDED_AVAILABILITY = YES_AGGRESSIVE;
				CLANG_WARN_UNREACHABLE_CODE = YES;
				CLANG_WARN__DUPLICATE_METHOD_MATCH = YES;
				COPY_PHASE_STRIP = NO;
				DEBUG_INFORMATION_FORMAT = dwarf;
				ENABLE_STRICT_OBJC_MSGSEND = YES;
				ENABLE_TESTABILITY = YES;
				GCC_C_LANGUAGE_STANDARD = gnu11;
				GCC_DYNAMIC_NO_PIC = NO;
				GCC_NO_COMMON_BLOCKS = YES;
				GCC_OPTIMIZATION_LEVEL = 0;
				GCC_PREPROCESSOR_DEFINITIONS = (
					"DEBUG=1",
					"$(inherited)",
				);
				GCC_WARN_64_TO_32_BIT_CONVERSION = YES;
				GCC_WARN_ABOUT_RETURN_TYPE = YES_ERROR;
				GCC_WARN_UNDECLARED_SELECTOR = YES;
				GCC_WARN_UNINITIALIZED_AUTOS = YES_AGGRESSIVE;
				GCC_WARN_UNUSED_FUNCTION = YES;
				GCC_WARN_UNUSED_VARIABLE = YES;
				IPHONEOS_DEPLOYMENT_TARGET = 16.4;
				MTL_ENABLE_DEBUG_INFO = INCLUDE_SOURCE;
				MTL_FAST_MATH = YES;
				ONLY_ACTIVE_ARCH = YES;
				SDKROOT = iphoneos;
				SWIFT_ACTIVE_COMPILATION_CONDITIONS = DEBUG;
				SWIFT_OPTIMIZATION_LEVEL = "-Onone";
			};
			name = Debug;
		};
		75EA90342A673459009D10AB /* Release */ = {
			isa = XCBuildConfiguration;
			buildSettings = {
				ALWAYS_SEARCH_USER_PATHS = NO;
				CLANG_ANALYZER_NONNULL = YES;
				CLANG_ANALYZER_NUMBER_OBJECT_CONVERSION = YES_AGGRESSIVE;
				CLANG_CXX_LANGUAGE_STANDARD = "gnu++20";
				CLANG_ENABLE_MODULES = YES;
				CLANG_ENABLE_OBJC_ARC = YES;
				CLANG_ENABLE_OBJC_WEAK = YES;
				CLANG_WARN_BLOCK_CAPTURE_AUTORELEASING = YES;
				CLANG_WARN_BOOL_CONVERSION = YES;
				CLANG_WARN_COMMA = YES;
				CLANG_WARN_CONSTANT_CONVERSION = YES;
				CLANG_WARN_DEPRECATED_OBJC_IMPLEMENTATIONS = YES;
				CLANG_WARN_DIRECT_OBJC_ISA_USAGE = YES_ERROR;
				CLANG_WARN_DOCUMENTATION_COMMENTS = YES;
				CLANG_WARN_EMPTY_BODY = YES;
				CLANG_WARN_ENUM_CONVERSION = YES;
				CLANG_WARN_INFINITE_RECURSION = YES;
				CLANG_WARN_INT_CONVERSION = YES;
				CLANG_WARN_NON_LITERAL_NULL_CONVERSION = YES;
				CLANG_WARN_OBJC_IMPLICIT_RETAIN_SELF = YES;
				CLANG_WARN_OBJC_LITERAL_CONVERSION = YES;
				CLANG_WARN_OBJC_ROOT_CLASS = YES_ERROR;
				CLANG_WARN_QUOTED_INCLUDE_IN_FRAMEWORK_HEADER = YES;
				CLANG_WARN_RANGE_LOOP_ANALYSIS = YES;
				CLANG_WARN_STRICT_PROTOTYPES = YES;
				CLANG_WARN_SUSPICIOUS_MOVE = YES;
				CLANG_WARN_UNGUARDED_AVAILABILITY = YES_AGGRESSIVE;
				CLANG_WARN_UNREACHABLE_CODE = YES;
				CLANG_WARN__DUPLICATE_METHOD_MATCH = YES;
				COPY_PHASE_STRIP = NO;
				DEBUG_INFORMATION_FORMAT = "dwarf-with-dsym";
				ENABLE_NS_ASSERTIONS = NO;
				ENABLE_STRICT_OBJC_MSGSEND = YES;
				GCC_C_LANGUAGE_STANDARD = gnu11;
				GCC_NO_COMMON_BLOCKS = YES;
				GCC_WARN_64_TO_32_BIT_CONVERSION = YES;
				GCC_WARN_ABOUT_RETURN_TYPE = YES_ERROR;
				GCC_WARN_UNDECLARED_SELECTOR = YES;
				GCC_WARN_UNINITIALIZED_AUTOS = YES_AGGRESSIVE;
				GCC_WARN_UNUSED_FUNCTION = YES;
				GCC_WARN_UNUSED_VARIABLE = YES;
				IPHONEOS_DEPLOYMENT_TARGET = 16.4;
				MTL_ENABLE_DEBUG_INFO = NO;
				MTL_FAST_MATH = YES;
				SDKROOT = iphoneos;
				SWIFT_COMPILATION_MODE = wholemodule;
				SWIFT_OPTIMIZATION_LEVEL = "-O";
				VALIDATE_PRODUCT = YES;
			};
			name = Release;
		};
		75EA90362A673459009D10AB /* Debug */ = {
			isa = XCBuildConfiguration;
			buildSettings = {
				ASSETCATALOG_COMPILER_APPICON_NAME = AppIcon;
				ASSETCATALOG_COMPILER_GLOBAL_ACCENT_COLOR_NAME = AccentColor;
				CODE_SIGN_STYLE = Automatic;
				CURRENT_PROJECT_VERSION = 1;
				DEVELOPMENT_TEAM = VM55LWG8PP;
				GENERATE_INFOPLIST_FILE = YES;
				INFOPLIST_FILE = ChatApp/Support/Info.plist;
				INFOPLIST_KEY_UIApplicationSupportsIndirectInputEvents = YES;
				INFOPLIST_KEY_UILaunchStoryboardName = LaunchScreen;
				INFOPLIST_KEY_UIMainStoryboardFile = Main;
				INFOPLIST_KEY_UISupportedInterfaceOrientations_iPad = "UIInterfaceOrientationPortrait UIInterfaceOrientationPortraitUpsideDown UIInterfaceOrientationLandscapeLeft UIInterfaceOrientationLandscapeRight";
				INFOPLIST_KEY_UISupportedInterfaceOrientations_iPhone = "UIInterfaceOrientationPortrait UIInterfaceOrientationLandscapeLeft UIInterfaceOrientationLandscapeRight";
				LD_RUNPATH_SEARCH_PATHS = (
					"$(inherited)",
					"@executable_path/Frameworks",
				);
				MARKETING_VERSION = 1.0;
				PRODUCT_BUNDLE_IDENTIFIER = com.elizeurs.ChatApp;
				PRODUCT_NAME = "$(TARGET_NAME)";
				SWIFT_EMIT_LOC_STRINGS = YES;
				SWIFT_VERSION = 5.0;
				TARGETED_DEVICE_FAMILY = "1,2";
			};
			name = Debug;
		};
		75EA90372A673459009D10AB /* Release */ = {
			isa = XCBuildConfiguration;
			buildSettings = {
				ASSETCATALOG_COMPILER_APPICON_NAME = AppIcon;
				ASSETCATALOG_COMPILER_GLOBAL_ACCENT_COLOR_NAME = AccentColor;
				CODE_SIGN_STYLE = Automatic;
				CURRENT_PROJECT_VERSION = 1;
				DEVELOPMENT_TEAM = VM55LWG8PP;
				GENERATE_INFOPLIST_FILE = YES;
				INFOPLIST_FILE = ChatApp/Support/Info.plist;
				INFOPLIST_KEY_UIApplicationSupportsIndirectInputEvents = YES;
				INFOPLIST_KEY_UILaunchStoryboardName = LaunchScreen;
				INFOPLIST_KEY_UIMainStoryboardFile = Main;
				INFOPLIST_KEY_UISupportedInterfaceOrientations_iPad = "UIInterfaceOrientationPortrait UIInterfaceOrientationPortraitUpsideDown UIInterfaceOrientationLandscapeLeft UIInterfaceOrientationLandscapeRight";
				INFOPLIST_KEY_UISupportedInterfaceOrientations_iPhone = "UIInterfaceOrientationPortrait UIInterfaceOrientationLandscapeLeft UIInterfaceOrientationLandscapeRight";
				LD_RUNPATH_SEARCH_PATHS = (
					"$(inherited)",
					"@executable_path/Frameworks",
				);
				MARKETING_VERSION = 1.0;
				PRODUCT_BUNDLE_IDENTIFIER = com.elizeurs.ChatApp;
				PRODUCT_NAME = "$(TARGET_NAME)";
				SWIFT_EMIT_LOC_STRINGS = YES;
				SWIFT_VERSION = 5.0;
				TARGETED_DEVICE_FAMILY = "1,2";
			};
			name = Release;
		};
/* End XCBuildConfiguration section */

/* Begin XCConfigurationList section */
		75EA901C2A673456009D10AB /* Build configuration list for PBXProject "ChatApp" */ = {
			isa = XCConfigurationList;
			buildConfigurations = (
				75EA90332A673459009D10AB /* Debug */,
				75EA90342A673459009D10AB /* Release */,
			);
			defaultConfigurationIsVisible = 0;
			defaultConfigurationName = Release;
		};
		75EA90352A673459009D10AB /* Build configuration list for PBXNativeTarget "ChatApp" */ = {
			isa = XCConfigurationList;
			buildConfigurations = (
				75EA90362A673459009D10AB /* Debug */,
				75EA90372A673459009D10AB /* Release */,
			);
			defaultConfigurationIsVisible = 0;
			defaultConfigurationName = Release;
		};
/* End XCConfigurationList section */

/* Begin XCRemoteSwiftPackageReference section */
		75AEA3362A6DE12500808B4A /* XCRemoteSwiftPackageReference "firebase-ios-sdk" */ = {
			isa = XCRemoteSwiftPackageReference;
			repositoryURL = "https://github.com/firebase/firebase-ios-sdk";
			requirement = {
				kind = upToNextMajorVersion;
				minimumVersion = 10.0.0;
			};
		};
		75AEA3432A6DE24700808B4A /* XCRemoteSwiftPackageReference "SDWebImage" */ = {
			isa = XCRemoteSwiftPackageReference;
			repositoryURL = "https://github.com/SDWebImage/SDWebImage";
			requirement = {
				kind = upToNextMajorVersion;
				minimumVersion = 5.0.0;
			};
		};
		75AEA3462A6DE54F00808B4A /* XCRemoteSwiftPackageReference "JGProgressHUD" */ = {
			isa = XCRemoteSwiftPackageReference;
			repositoryURL = "https://github.com/JonasGessner/JGProgressHUD.git";
			requirement = {
				kind = upToNextMajorVersion;
				minimumVersion = 2.0.0;
			};
		};
		75AEA3492A6DE5CA00808B4A /* XCRemoteSwiftPackageReference "GoogleSignIn-iOS" */ = {
			isa = XCRemoteSwiftPackageReference;
			repositoryURL = "https://github.com/google/GoogleSignIn-iOS.git";
			requirement = {
				kind = upToNextMajorVersion;
				minimumVersion = 7.0.0;
			};
		};
		75D5F58D2A94200E00BCAFF8 /* XCRemoteSwiftPackageReference "ImageSlideshow" */ = {
			isa = XCRemoteSwiftPackageReference;
			repositoryURL = "https://github.com/zvonicek/ImageSlideshow.git";
			requirement = {
				kind = upToNextMajorVersion;
				minimumVersion = 1.0.0;
			};
		};
		75DB2B812A97E97400BD9280 /* XCRemoteSwiftPackageReference "SwiftAudioPlayer" */ = {
			isa = XCRemoteSwiftPackageReference;
			repositoryURL = "https://github.com/tanhakabir/SwiftAudioPlayer.git";
			requirement = {
				kind = upToNextMajorVersion;
				minimumVersion = 7.0.0;
			};
		};
/* End XCRemoteSwiftPackageReference section */

/* Begin XCSwiftPackageProductDependency section */
		75AEA3372A6DE12500808B4A /* FirebaseAuth */ = {
			isa = XCSwiftPackageProductDependency;
			package = 75AEA3362A6DE12500808B4A /* XCRemoteSwiftPackageReference "firebase-ios-sdk" */;
			productName = FirebaseAuth;
		};
		75AEA3392A6DE12500808B4A /* FirebaseDatabase */ = {
			isa = XCSwiftPackageProductDependency;
			package = 75AEA3362A6DE12500808B4A /* XCRemoteSwiftPackageReference "firebase-ios-sdk" */;
			productName = FirebaseDatabase;
		};
		75AEA33B2A6DE12500808B4A /* FirebaseDatabaseSwift */ = {
			isa = XCSwiftPackageProductDependency;
			package = 75AEA3362A6DE12500808B4A /* XCRemoteSwiftPackageReference "firebase-ios-sdk" */;
			productName = FirebaseDatabaseSwift;
		};
		75AEA33D2A6DE12500808B4A /* FirebaseFirestore */ = {
			isa = XCSwiftPackageProductDependency;
			package = 75AEA3362A6DE12500808B4A /* XCRemoteSwiftPackageReference "firebase-ios-sdk" */;
			productName = FirebaseFirestore;
		};
		75AEA33F2A6DE12500808B4A /* FirebaseFirestoreSwift */ = {
			isa = XCSwiftPackageProductDependency;
			package = 75AEA3362A6DE12500808B4A /* XCRemoteSwiftPackageReference "firebase-ios-sdk" */;
			productName = FirebaseFirestoreSwift;
		};
		75AEA3412A6DE12500808B4A /* FirebaseStorage */ = {
			isa = XCSwiftPackageProductDependency;
			package = 75AEA3362A6DE12500808B4A /* XCRemoteSwiftPackageReference "firebase-ios-sdk" */;
			productName = FirebaseStorage;
		};
		75AEA3442A6DE24700808B4A /* SDWebImage */ = {
			isa = XCSwiftPackageProductDependency;
			package = 75AEA3432A6DE24700808B4A /* XCRemoteSwiftPackageReference "SDWebImage" */;
			productName = SDWebImage;
		};
		75AEA3472A6DE54F00808B4A /* JGProgressHUD */ = {
			isa = XCSwiftPackageProductDependency;
			package = 75AEA3462A6DE54F00808B4A /* XCRemoteSwiftPackageReference "JGProgressHUD" */;
			productName = JGProgressHUD;
		};
		75AEA34A2A6DE5CA00808B4A /* GoogleSignIn */ = {
			isa = XCSwiftPackageProductDependency;
			package = 75AEA3492A6DE5CA00808B4A /* XCRemoteSwiftPackageReference "GoogleSignIn-iOS" */;
			productName = GoogleSignIn;
		};
		75AEA34C2A6DE5CA00808B4A /* GoogleSignInSwift */ = {
			isa = XCSwiftPackageProductDependency;
			package = 75AEA3492A6DE5CA00808B4A /* XCRemoteSwiftPackageReference "GoogleSignIn-iOS" */;
			productName = GoogleSignInSwift;
		};
		75D5F58E2A94200E00BCAFF8 /* ImageSlideshow */ = {
			isa = XCSwiftPackageProductDependency;
			package = 75D5F58D2A94200E00BCAFF8 /* XCRemoteSwiftPackageReference "ImageSlideshow" */;
			productName = ImageSlideshow;
		};
		75D5F5902A94200E00BCAFF8 /* ImageSlideshow/SDWebImage */ = {
			isa = XCSwiftPackageProductDependency;
			package = 75D5F58D2A94200E00BCAFF8 /* XCRemoteSwiftPackageReference "ImageSlideshow" */;
			productName = ImageSlideshow/SDWebImage;
		};
		75DB2B822A97E97400BD9280 /* SwiftAudioPlayer */ = {
			isa = XCSwiftPackageProductDependency;
			package = 75DB2B812A97E97400BD9280 /* XCRemoteSwiftPackageReference "SwiftAudioPlayer" */;
			productName = SwiftAudioPlayer;
		};
/* End XCSwiftPackageProductDependency section */
	};
	rootObject = 75EA90192A673456009D10AB /* Project object */;
}
