// !$*UTF8*$!
{
	archiveVersion = 1;
	classes = {
	};
	objectVersion = 56;
	objects = {

/* Begin PBXBuildFile section */
		7512059C2A6887AC0051B98D /* Views.swift in Sources */ = {isa = PBXBuildFile; fileRef = 7512059B2A6887AC0051B98D /* Views.swift */; };
		75DBEE0A2A673B1E00A83291 /* LoginViewController.swift in Sources */ = {isa = PBXBuildFile; fileRef = 75DBEE092A673B1E00A83291 /* LoginViewController.swift */; };
		75DBEE0C2A673BED00A83291 /* RegisterViewController.swift in Sources */ = {isa = PBXBuildFile; fileRef = 75DBEE0B2A673BED00A83291 /* RegisterViewController.swift */; };
		75EA90252A673456009D10AB /* AppDelegate.swift in Sources */ = {isa = PBXBuildFile; fileRef = 75EA90242A673456009D10AB /* AppDelegate.swift */; };
		75EA90272A673456009D10AB /* SceneDelegate.swift in Sources */ = {isa = PBXBuildFile; fileRef = 75EA90262A673456009D10AB /* SceneDelegate.swift */; };
		75EA90292A673456009D10AB /* ViewController.swift in Sources */ = {isa = PBXBuildFile; fileRef = 75EA90282A673456009D10AB /* ViewController.swift */; };
		75EA902C2A673456009D10AB /* Main.storyboard in Resources */ = {isa = PBXBuildFile; fileRef = 75EA902A2A673456009D10AB /* Main.storyboard */; };
		75EA902E2A673459009D10AB /* Assets.xcassets in Resources */ = {isa = PBXBuildFile; fileRef = 75EA902D2A673459009D10AB /* Assets.xcassets */; };
		75EA90312A673459009D10AB /* LaunchScreen.storyboard in Resources */ = {isa = PBXBuildFile; fileRef = 75EA902F2A673459009D10AB /* LaunchScreen.storyboard */; };
/* End PBXBuildFile section */

/* Begin PBXFileReference section */
		7512059B2A6887AC0051B98D /* Views.swift */ = {isa = PBXFileReference; fileEncoding = 4; lastKnownFileType = sourcecode.swift; path = Views.swift; sourceTree = "<group>"; };
		75DBEE092A673B1E00A83291 /* LoginViewController.swift */ = {isa = PBXFileReference; lastKnownFileType = sourcecode.swift; path = LoginViewController.swift; sourceTree = "<group>"; };
		75DBEE0B2A673BED00A83291 /* RegisterViewController.swift */ = {isa = PBXFileReference; lastKnownFileType = sourcecode.swift; path = RegisterViewController.swift; sourceTree = "<group>"; };
		75EA90212A673456009D10AB /* ChatApp.app */ = {isa = PBXFileReference; explicitFileType = wrapper.application; includeInIndex = 0; path = ChatApp.app; sourceTree = BUILT_PRODUCTS_DIR; };
		75EA90242A673456009D10AB /* AppDelegate.swift */ = {isa = PBXFileReference; lastKnownFileType = sourcecode.swift; path = AppDelegate.swift; sourceTree = "<group>"; };
		75EA90262A673456009D10AB /* SceneDelegate.swift */ = {isa = PBXFileReference; lastKnownFileType = sourcecode.swift; path = SceneDelegate.swift; sourceTree = "<group>"; };
		75EA90282A673456009D10AB /* ViewController.swift */ = {isa = PBXFileReference; lastKnownFileType = sourcecode.swift; path = ViewController.swift; sourceTree = "<group>"; };
		75EA902B2A673456009D10AB /* Base */ = {isa = PBXFileReference; lastKnownFileType = file.storyboard; name = Base; path = Base.lproj/Main.storyboard; sourceTree = "<group>"; };
		75EA902D2A673459009D10AB /* Assets.xcassets */ = {isa = PBXFileReference; lastKnownFileType = folder.assetcatalog; path = Assets.xcassets; sourceTree = "<group>"; };
		75EA90302A673459009D10AB /* Base */ = {isa = PBXFileReference; lastKnownFileType = file.storyboard; name = Base; path = Base.lproj/LaunchScreen.storyboard; sourceTree = "<group>"; };
		75EA90322A673459009D10AB /* Info.plist */ = {isa = PBXFileReference; lastKnownFileType = text.plist.xml; path = Info.plist; sourceTree = "<group>"; };
/* End PBXFileReference section */

/* Begin PBXFrameworksBuildPhase section */
		75EA901E2A673456009D10AB /* Frameworks */ = {
			isa = PBXFrameworksBuildPhase;
			buildActionMask = 2147483647;
			files = (
			);
			runOnlyForDeploymentPostprocessing = 0;
		};
/* End PBXFrameworksBuildPhase section */

/* Begin PBXGroup section */
		7512059A2A68875E0051B98D /* Extensions */ = {
			isa = PBXGroup;
			children = (
				7512059B2A6887AC0051B98D /* Views.swift */,
			);
			path = Extensions;
			sourceTree = "<group>";
		};
		75EA90182A673456009D10AB = {
			isa = PBXGroup;
			children = (
				75EA90232A673456009D10AB /* ChatApp */,
				75EA90222A673456009D10AB /* Products */,
			);
			sourceTree = "<group>";
		};
		75EA90222A673456009D10AB /* Products */ = {
			isa = PBXGroup;
			children = (
				75EA90212A673456009D10AB /* ChatApp.app */,
			);
			name = Products;
			sourceTree = "<group>";
		};
		75EA90232A673456009D10AB /* ChatApp */ = {
			isa = PBXGroup;
			children = (
				75EA903A2A6737C3009D10AB /* Shared Files */,
				75EA90392A6737B9009D10AB /* Module */,
				75EA90382A6737AE009D10AB /* Support */,
			);
			path = ChatApp;
			sourceTree = "<group>";
		};
		75EA90382A6737AE009D10AB /* Support */ = {
			isa = PBXGroup;
			children = (
				75EA90242A673456009D10AB /* AppDelegate.swift */,
				75EA90262A673456009D10AB /* SceneDelegate.swift */,
				75EA90282A673456009D10AB /* ViewController.swift */,
				75EA902A2A673456009D10AB /* Main.storyboard */,
				75EA902D2A673459009D10AB /* Assets.xcassets */,
				75EA902F2A673459009D10AB /* LaunchScreen.storyboard */,
				75EA90322A673459009D10AB /* Info.plist */,
			);
			path = Support;
			sourceTree = "<group>";
		};
		75EA90392A6737B9009D10AB /* Module */ = {
			isa = PBXGroup;
			children = (
				75EA903E2A673821009D10AB /* API */,
				75EA903D2A6737EA009D10AB /* Model */,
				75EA903C2A6737E0009D10AB /* ViewModel */,
				75EA903B2A6737D3009D10AB /* Controller */,
			);
			path = Module;
			sourceTree = "<group>";
		};
		75EA903A2A6737C3009D10AB /* Shared Files */ = {
			isa = PBXGroup;
			children = (
				7512059A2A68875E0051B98D /* Extensions */,
			);
			path = "Shared Files";
			sourceTree = "<group>";
		};
		75EA903B2A6737D3009D10AB /* Controller */ = {
			isa = PBXGroup;
			children = (
				75DBEE092A673B1E00A83291 /* LoginViewController.swift */,
				75DBEE0B2A673BED00A83291 /* RegisterViewController.swift */,
			);
			path = Controller;
			sourceTree = "<group>";
		};
		75EA903C2A6737E0009D10AB /* ViewModel */ = {
			isa = PBXGroup;
			children = (
			);
			path = ViewModel;
			sourceTree = "<group>";
		};
		75EA903D2A6737EA009D10AB /* Model */ = {
			isa = PBXGroup;
			children = (
			);
			path = Model;
			sourceTree = "<group>";
		};
		75EA903E2A673821009D10AB /* API */ = {
			isa = PBXGroup;
			children = (
			);
			path = API;
			sourceTree = "<group>";
		};
/* End PBXGroup section */

/* Begin PBXNativeTarget section */
		75EA90202A673456009D10AB /* ChatApp */ = {
			isa = PBXNativeTarget;
			buildConfigurationList = 75EA90352A673459009D10AB /* Build configuration list for PBXNativeTarget "ChatApp" */;
			buildPhases = (
				75EA901D2A673456009D10AB /* Sources */,
				75EA901E2A673456009D10AB /* Frameworks */,
				75EA901F2A673456009D10AB /* Resources */,
			);
			buildRules = (
			);
			dependencies = (
			);
			name = ChatApp;
			productName = ChatApp;
			productReference = 75EA90212A673456009D10AB /* ChatApp.app */;
			productType = "com.apple.product-type.application";
		};
/* End PBXNativeTarget section */

/* Begin PBXProject section */
		75EA90192A673456009D10AB /* Project object */ = {
			isa = PBXProject;
			attributes = {
				BuildIndependentTargetsInParallel = 1;
				LastSwiftUpdateCheck = 1430;
				LastUpgradeCheck = 1430;
				TargetAttributes = {
					75EA90202A673456009D10AB = {
						CreatedOnToolsVersion = 14.3.1;
					};
				};
			};
			buildConfigurationList = 75EA901C2A673456009D10AB /* Build configuration list for PBXProject "ChatApp" */;
			compatibilityVersion = "Xcode 14.0";
			developmentRegion = en;
			hasScannedForEncodings = 0;
			knownRegions = (
				en,
				Base,
			);
			mainGroup = 75EA90182A673456009D10AB;
			productRefGroup = 75EA90222A673456009D10AB /* Products */;
			projectDirPath = "";
			projectRoot = "";
			targets = (
				75EA90202A673456009D10AB /* ChatApp */,
			);
		};
/* End PBXProject section */

/* Begin PBXResourcesBuildPhase section */
		75EA901F2A673456009D10AB /* Resources */ = {
			isa = PBXResourcesBuildPhase;
			buildActionMask = 2147483647;
			files = (
				75EA90312A673459009D10AB /* LaunchScreen.storyboard in Resources */,
				75EA902E2A673459009D10AB /* Assets.xcassets in Resources */,
				75EA902C2A673456009D10AB /* Main.storyboard in Resources */,
			);
			runOnlyForDeploymentPostprocessing = 0;
		};
/* End PBXResourcesBuildPhase section */

/* Begin PBXSourcesBuildPhase section */
		75EA901D2A673456009D10AB /* Sources */ = {
			isa = PBXSourcesBuildPhase;
			buildActionMask = 2147483647;
			files = (
				75DBEE0A2A673B1E00A83291 /* LoginViewController.swift in Sources */,
				75DBEE0C2A673BED00A83291 /* RegisterViewController.swift in Sources */,
				7512059C2A6887AC0051B98D /* Views.swift in Sources */,
				75EA90292A673456009D10AB /* ViewController.swift in Sources */,
				75EA90252A673456009D10AB /* AppDelegate.swift in Sources */,
				75EA90272A673456009D10AB /* SceneDelegate.swift in Sources */,
			);
			runOnlyForDeploymentPostprocessing = 0;
		};
/* End PBXSourcesBuildPhase section */

/* Begin PBXVariantGroup section */
		75EA902A2A673456009D10AB /* Main.storyboard */ = {
			isa = PBXVariantGroup;
			children = (
				75EA902B2A673456009D10AB /* Base */,
			);
			name = Main.storyboard;
			sourceTree = "<group>";
		};
		75EA902F2A673459009D10AB /* LaunchScreen.storyboard */ = {
			isa = PBXVariantGroup;
			children = (
				75EA90302A673459009D10AB /* Base */,
			);
			name = LaunchScreen.storyboard;
			sourceTree = "<group>";
		};
/* End PBXVariantGroup section */

/* Begin XCBuildConfiguration section */
		75EA90332A673459009D10AB /* Debug */ = {
			isa = XCBuildConfiguration;
			buildSettings = {
				ALWAYS_SEARCH_USER_PATHS = NO;
				CLANG_ANALYZER_NONNULL = YES;
				CLANG_ANALYZER_NUMBER_OBJECT_CONVERSION = YES_AGGRESSIVE;
				CLANG_CXX_LANGUAGE_STANDARD = "gnu++20";
				CLANG_ENABLE_MODULES = YES;
				CLANG_ENABLE_OBJC_ARC = YES;
				CLANG_ENABLE_OBJC_WEAK = YES;
				CLANG_WARN_BLOCK_CAPTURE_AUTORELEASING = YES;
				CLANG_WARN_BOOL_CONVERSION = YES;
				CLANG_WARN_COMMA = YES;
				CLANG_WARN_CONSTANT_CONVERSION = YES;
				CLANG_WARN_DEPRECATED_OBJC_IMPLEMENTATIONS = YES;
				CLANG_WARN_DIRECT_OBJC_ISA_USAGE = YES_ERROR;
				CLANG_WARN_DOCUMENTATION_COMMENTS = YES;
				CLANG_WARN_EMPTY_BODY = YES;
				CLANG_WARN_ENUM_CONVERSION = YES;
				CLANG_WARN_INFINITE_RECURSION = YES;
				CLANG_WARN_INT_CONVERSION = YES;
				CLANG_WARN_NON_LITERAL_NULL_CONVERSION = YES;
				CLANG_WARN_OBJC_IMPLICIT_RETAIN_SELF = YES;
				CLANG_WARN_OBJC_LITERAL_CONVERSION = YES;
				CLANG_WARN_OBJC_ROOT_CLASS = YES_ERROR;
				CLANG_WARN_QUOTED_INCLUDE_IN_FRAMEWORK_HEADER = YES;
				CLANG_WARN_RANGE_LOOP_ANALYSIS = YES;
				CLANG_WARN_STRICT_PROTOTYPES = YES;
				CLANG_WARN_SUSPICIOUS_MOVE = YES;
				CLANG_WARN_UNGUARDED_AVAILABILITY = YES_AGGRESSIVE;
				CLANG_WARN_UNREACHABLE_CODE = YES;
				CLANG_WARN__DUPLICATE_METHOD_MATCH = YES;
				COPY_PHASE_STRIP = NO;
				DEBUG_INFORMATION_FORMAT = dwarf;
				ENABLE_STRICT_OBJC_MSGSEND = YES;
				ENABLE_TESTABILITY = YES;
				GCC_C_LANGUAGE_STANDARD = gnu11;
				GCC_DYNAMIC_NO_PIC = NO;
				GCC_NO_COMMON_BLOCKS = YES;
				GCC_OPTIMIZATION_LEVEL = 0;
				GCC_PREPROCESSOR_DEFINITIONS = (
					"DEBUG=1",
					"$(inherited)",
				);
				GCC_WARN_64_TO_32_BIT_CONVERSION = YES;
				GCC_WARN_ABOUT_RETURN_TYPE = YES_ERROR;
				GCC_WARN_UNDECLARED_SELECTOR = YES;
				GCC_WARN_UNINITIALIZED_AUTOS = YES_AGGRESSIVE;
				GCC_WARN_UNUSED_FUNCTION = YES;
				GCC_WARN_UNUSED_VARIABLE = YES;
				IPHONEOS_DEPLOYMENT_TARGET = 16.4;
				MTL_ENABLE_DEBUG_INFO = INCLUDE_SOURCE;
				MTL_FAST_MATH = YES;
				ONLY_ACTIVE_ARCH = YES;
				SDKROOT = iphoneos;
				SWIFT_ACTIVE_COMPILATION_CONDITIONS = DEBUG;
				SWIFT_OPTIMIZATION_LEVEL = "-Onone";
			};
			name = Debug;
		};
		75EA90342A673459009D10AB /* Release */ = {
			isa = XCBuildConfiguration;
			buildSettings = {
				ALWAYS_SEARCH_USER_PATHS = NO;
				CLANG_ANALYZER_NONNULL = YES;
				CLANG_ANALYZER_NUMBER_OBJECT_CONVERSION = YES_AGGRESSIVE;
				CLANG_CXX_LANGUAGE_STANDARD = "gnu++20";
				CLANG_ENABLE_MODULES = YES;
				CLANG_ENABLE_OBJC_ARC = YES;
				CLANG_ENABLE_OBJC_WEAK = YES;
				CLANG_WARN_BLOCK_CAPTURE_AUTORELEASING = YES;
				CLANG_WARN_BOOL_CONVERSION = YES;
				CLANG_WARN_COMMA = YES;
				CLANG_WARN_CONSTANT_CONVERSION = YES;
				CLANG_WARN_DEPRECATED_OBJC_IMPLEMENTATIONS = YES;
				CLANG_WARN_DIRECT_OBJC_ISA_USAGE = YES_ERROR;
				CLANG_WARN_DOCUMENTATION_COMMENTS = YES;
				CLANG_WARN_EMPTY_BODY = YES;
				CLANG_WARN_ENUM_CONVERSION = YES;
				CLANG_WARN_INFINITE_RECURSION = YES;
				CLANG_WARN_INT_CONVERSION = YES;
				CLANG_WARN_NON_LITERAL_NULL_CONVERSION = YES;
				CLANG_WARN_OBJC_IMPLICIT_RETAIN_SELF = YES;
				CLANG_WARN_OBJC_LITERAL_CONVERSION = YES;
				CLANG_WARN_OBJC_ROOT_CLASS = YES_ERROR;
				CLANG_WARN_QUOTED_INCLUDE_IN_FRAMEWORK_HEADER = YES;
				CLANG_WARN_RANGE_LOOP_ANALYSIS = YES;
				CLANG_WARN_STRICT_PROTOTYPES = YES;
				CLANG_WARN_SUSPICIOUS_MOVE = YES;
				CLANG_WARN_UNGUARDED_AVAILABILITY = YES_AGGRESSIVE;
				CLANG_WARN_UNREACHABLE_CODE = YES;
				CLANG_WARN__DUPLICATE_METHOD_MATCH = YES;
				COPY_PHASE_STRIP = NO;
				DEBUG_INFORMATION_FORMAT = "dwarf-with-dsym";
				ENABLE_NS_ASSERTIONS = NO;
				ENABLE_STRICT_OBJC_MSGSEND = YES;
				GCC_C_LANGUAGE_STANDARD = gnu11;
				GCC_NO_COMMON_BLOCKS = YES;
				GCC_WARN_64_TO_32_BIT_CONVERSION = YES;
				GCC_WARN_ABOUT_RETURN_TYPE = YES_ERROR;
				GCC_WARN_UNDECLARED_SELECTOR = YES;
				GCC_WARN_UNINITIALIZED_AUTOS = YES_AGGRESSIVE;
				GCC_WARN_UNUSED_FUNCTION = YES;
				GCC_WARN_UNUSED_VARIABLE = YES;
				IPHONEOS_DEPLOYMENT_TARGET = 16.4;
				MTL_ENABLE_DEBUG_INFO = NO;
				MTL_FAST_MATH = YES;
				SDKROOT = iphoneos;
				SWIFT_COMPILATION_MODE = wholemodule;
				SWIFT_OPTIMIZATION_LEVEL = "-O";
				VALIDATE_PRODUCT = YES;
			};
			name = Release;
		};
		75EA90362A673459009D10AB /* Debug */ = {
			isa = XCBuildConfiguration;
			buildSettings = {
				ASSETCATALOG_COMPILER_APPICON_NAME = AppIcon;
				ASSETCATALOG_COMPILER_GLOBAL_ACCENT_COLOR_NAME = AccentColor;
				CODE_SIGN_STYLE = Automatic;
				CURRENT_PROJECT_VERSION = 1;
				DEVELOPMENT_TEAM = VM55LWG8PP;
				GENERATE_INFOPLIST_FILE = YES;
				INFOPLIST_FILE = ChatApp/Support/Info.plist;
				INFOPLIST_KEY_UIApplicationSupportsIndirectInputEvents = YES;
				INFOPLIST_KEY_UILaunchStoryboardName = LaunchScreen;
				INFOPLIST_KEY_UIMainStoryboardFile = Main;
				INFOPLIST_KEY_UISupportedInterfaceOrientations_iPad = "UIInterfaceOrientationPortrait UIInterfaceOrientationPortraitUpsideDown UIInterfaceOrientationLandscapeLeft UIInterfaceOrientationLandscapeRight";
				INFOPLIST_KEY_UISupportedInterfaceOrientations_iPhone = "UIInterfaceOrientationPortrait UIInterfaceOrientationLandscapeLeft UIInterfaceOrientationLandscapeRight";
				LD_RUNPATH_SEARCH_PATHS = (
					"$(inherited)",
					"@executable_path/Frameworks",
				);
				MARKETING_VERSION = 1.0;
				PRODUCT_BUNDLE_IDENTIFIER = com.elizeurs.ChatApp;
				PRODUCT_NAME = "$(TARGET_NAME)";
				SWIFT_EMIT_LOC_STRINGS = YES;
				SWIFT_VERSION = 5.0;
				TARGETED_DEVICE_FAMILY = "1,2";
			};
			name = Debug;
		};
		75EA90372A673459009D10AB /* Release */ = {
			isa = XCBuildConfiguration;
			buildSettings = {
				ASSETCATALOG_COMPILER_APPICON_NAME = AppIcon;
				ASSETCATALOG_COMPILER_GLOBAL_ACCENT_COLOR_NAME = AccentColor;
				CODE_SIGN_STYLE = Automatic;
				CURRENT_PROJECT_VERSION = 1;
				DEVELOPMENT_TEAM = VM55LWG8PP;
				GENERATE_INFOPLIST_FILE = YES;
				INFOPLIST_FILE = ChatApp/Support/Info.plist;
				INFOPLIST_KEY_UIApplicationSupportsIndirectInputEvents = YES;
				INFOPLIST_KEY_UILaunchStoryboardName = LaunchScreen;
				INFOPLIST_KEY_UIMainStoryboardFile = Main;
				INFOPLIST_KEY_UISupportedInterfaceOrientations_iPad = "UIInterfaceOrientationPortrait UIInterfaceOrientationPortraitUpsideDown UIInterfaceOrientationLandscapeLeft UIInterfaceOrientationLandscapeRight";
				INFOPLIST_KEY_UISupportedInterfaceOrientations_iPhone = "UIInterfaceOrientationPortrait UIInterfaceOrientationLandscapeLeft UIInterfaceOrientationLandscapeRight";
				LD_RUNPATH_SEARCH_PATHS = (
					"$(inherited)",
					"@executable_path/Frameworks",
				);
				MARKETING_VERSION = 1.0;
				PRODUCT_BUNDLE_IDENTIFIER = com.elizeurs.ChatApp;
				PRODUCT_NAME = "$(TARGET_NAME)";
				SWIFT_EMIT_LOC_STRINGS = YES;
				SWIFT_VERSION = 5.0;
				TARGETED_DEVICE_FAMILY = "1,2";
			};
			name = Release;
		};
/* End XCBuildConfiguration section */

/* Begin XCConfigurationList section */
		75EA901C2A673456009D10AB /* Build configuration list for PBXProject "ChatApp" */ = {
			isa = XCConfigurationList;
			buildConfigurations = (
				75EA90332A673459009D10AB /* Debug */,
				75EA90342A673459009D10AB /* Release */,
			);
			defaultConfigurationIsVisible = 0;
			defaultConfigurationName = Release;
		};
		75EA90352A673459009D10AB /* Build configuration list for PBXNativeTarget "ChatApp" */ = {
			isa = XCConfigurationList;
			buildConfigurations = (
				75EA90362A673459009D10AB /* Debug */,
				75EA90372A673459009D10AB /* Release */,
			);
			defaultConfigurationIsVisible = 0;
			defaultConfigurationName = Release;
		};
/* End XCConfigurationList section */
	};
	rootObject = 75EA90192A673456009D10AB /* Project object */;
}
